// !$*UTF8*$!
{
	archiveVersion = 1;
	classes = {
	};
	objectVersion = 55;
	objects = {

/* Begin PBXBuildFile section */
		797D1DA039CF8DBCC6C4FF4D /* Pods_ZegoUIKitPrebuiltLiveAudioRoomDemo.framework in Frameworks */ = {isa = PBXBuildFile; fileRef = 5F698EC2DB6A19976BFA4677 /* Pods_ZegoUIKitPrebuiltLiveAudioRoomDemo.framework */; };
		86FF0091294702FA0005D36D /* AppDelegate.swift in Sources */ = {isa = PBXBuildFile; fileRef = 86FF0090294702FA0005D36D /* AppDelegate.swift */; };
		86FF0093294702FA0005D36D /* SceneDelegate.swift in Sources */ = {isa = PBXBuildFile; fileRef = 86FF0092294702FA0005D36D /* SceneDelegate.swift */; };
		86FF0095294702FA0005D36D /* ViewController.swift in Sources */ = {isa = PBXBuildFile; fileRef = 86FF0094294702FA0005D36D /* ViewController.swift */; };
		86FF0098294702FA0005D36D /* Main.storyboard in Resources */ = {isa = PBXBuildFile; fileRef = 86FF0096294702FA0005D36D /* Main.storyboard */; };
		86FF009A294702FC0005D36D /* Assets.xcassets in Resources */ = {isa = PBXBuildFile; fileRef = 86FF0099294702FC0005D36D /* Assets.xcassets */; };
		86FF009D294702FC0005D36D /* LaunchScreen.storyboard in Resources */ = {isa = PBXBuildFile; fileRef = 86FF009B294702FC0005D36D /* LaunchScreen.storyboard */; };
/* End PBXBuildFile section */

/* Begin PBXFileReference section */
		0A3A3C860DA08CD34A88E65F /* Pods-ZegoUIKitPrebuiltLiveAudioRoomDemo.release.xcconfig */ = {isa = PBXFileReference; includeInIndex = 1; lastKnownFileType = text.xcconfig; name = "Pods-ZegoUIKitPrebuiltLiveAudioRoomDemo.release.xcconfig"; path = "Target Support Files/Pods-ZegoUIKitPrebuiltLiveAudioRoomDemo/Pods-ZegoUIKitPrebuiltLiveAudioRoomDemo.release.xcconfig"; sourceTree = "<group>"; };
		420A70C419315426C208D03C /* Pods-ZegoUIKitPrebuiltLiveAudioRoomDemo.debug.xcconfig */ = {isa = PBXFileReference; includeInIndex = 1; lastKnownFileType = text.xcconfig; name = "Pods-ZegoUIKitPrebuiltLiveAudioRoomDemo.debug.xcconfig"; path = "Target Support Files/Pods-ZegoUIKitPrebuiltLiveAudioRoomDemo/Pods-ZegoUIKitPrebuiltLiveAudioRoomDemo.debug.xcconfig"; sourceTree = "<group>"; };
		5F698EC2DB6A19976BFA4677 /* Pods_ZegoUIKitPrebuiltLiveAudioRoomDemo.framework */ = {isa = PBXFileReference; explicitFileType = wrapper.framework; includeInIndex = 0; path = Pods_ZegoUIKitPrebuiltLiveAudioRoomDemo.framework; sourceTree = BUILT_PRODUCTS_DIR; };
		86FF008D294702FA0005D36D /* ZegoUIKitPrebuiltLiveAudioRoomDemo.app */ = {isa = PBXFileReference; explicitFileType = wrapper.application; includeInIndex = 0; path = ZegoUIKitPrebuiltLiveAudioRoomDemo.app; sourceTree = BUILT_PRODUCTS_DIR; };
		86FF0090294702FA0005D36D /* AppDelegate.swift */ = {isa = PBXFileReference; lastKnownFileType = sourcecode.swift; path = AppDelegate.swift; sourceTree = "<group>"; };
		86FF0092294702FA0005D36D /* SceneDelegate.swift */ = {isa = PBXFileReference; lastKnownFileType = sourcecode.swift; path = SceneDelegate.swift; sourceTree = "<group>"; };
		86FF0094294702FA0005D36D /* ViewController.swift */ = {isa = PBXFileReference; lastKnownFileType = sourcecode.swift; path = ViewController.swift; sourceTree = "<group>"; };
		86FF0097294702FA0005D36D /* Base */ = {isa = PBXFileReference; lastKnownFileType = file.storyboard; name = Base; path = Base.lproj/Main.storyboard; sourceTree = "<group>"; };
		86FF0099294702FC0005D36D /* Assets.xcassets */ = {isa = PBXFileReference; lastKnownFileType = folder.assetcatalog; path = Assets.xcassets; sourceTree = "<group>"; };
		86FF009C294702FC0005D36D /* Base */ = {isa = PBXFileReference; lastKnownFileType = file.storyboard; name = Base; path = Base.lproj/LaunchScreen.storyboard; sourceTree = "<group>"; };
		86FF009E294702FC0005D36D /* Info.plist */ = {isa = PBXFileReference; lastKnownFileType = text.plist.xml; path = Info.plist; sourceTree = "<group>"; };
/* End PBXFileReference section */

/* Begin PBXFrameworksBuildPhase section */
		86FF008A294702FA0005D36D /* Frameworks */ = {
			isa = PBXFrameworksBuildPhase;
			buildActionMask = 2147483647;
			files = (
				797D1DA039CF8DBCC6C4FF4D /* Pods_ZegoUIKitPrebuiltLiveAudioRoomDemo.framework in Frameworks */,
			);
			runOnlyForDeploymentPostprocessing = 0;
		};
/* End PBXFrameworksBuildPhase section */

/* Begin PBXGroup section */
		6253108669B81C0892A83874 /* Frameworks */ = {
			isa = PBXGroup;
			children = (
				5F698EC2DB6A19976BFA4677 /* Pods_ZegoUIKitPrebuiltLiveAudioRoomDemo.framework */,
			);
			name = Frameworks;
			sourceTree = "<group>";
		};
		86FF0084294702FA0005D36D = {
			isa = PBXGroup;
			children = (
				86FF008F294702FA0005D36D /* ZegoUIKitPrebuiltLiveAudioRoomDemo */,
				86FF008E294702FA0005D36D /* Products */,
				A62A9F4C382F94A5B7B8EBEC /* Pods */,
				6253108669B81C0892A83874 /* Frameworks */,
			);
			sourceTree = "<group>";
		};
		86FF008E294702FA0005D36D /* Products */ = {
			isa = PBXGroup;
			children = (
				86FF008D294702FA0005D36D /* ZegoUIKitPrebuiltLiveAudioRoomDemo.app */,
			);
			name = Products;
			sourceTree = "<group>";
		};
		86FF008F294702FA0005D36D /* ZegoUIKitPrebuiltLiveAudioRoomDemo */ = {
			isa = PBXGroup;
			children = (
				86FF0090294702FA0005D36D /* AppDelegate.swift */,
				86FF0092294702FA0005D36D /* SceneDelegate.swift */,
				86FF0094294702FA0005D36D /* ViewController.swift */,
				86FF0096294702FA0005D36D /* Main.storyboard */,
				86FF0099294702FC0005D36D /* Assets.xcassets */,
				86FF009B294702FC0005D36D /* LaunchScreen.storyboard */,
				86FF009E294702FC0005D36D /* Info.plist */,
			);
			path = ZegoUIKitPrebuiltLiveAudioRoomDemo;
			sourceTree = "<group>";
		};
		A62A9F4C382F94A5B7B8EBEC /* Pods */ = {
			isa = PBXGroup;
			children = (
				420A70C419315426C208D03C /* Pods-ZegoUIKitPrebuiltLiveAudioRoomDemo.debug.xcconfig */,
				0A3A3C860DA08CD34A88E65F /* Pods-ZegoUIKitPrebuiltLiveAudioRoomDemo.release.xcconfig */,
			);
			name = Pods;
			path = Pods;
			sourceTree = "<group>";
		};
/* End PBXGroup section */

/* Begin PBXNativeTarget section */
		86FF008C294702FA0005D36D /* ZegoUIKitPrebuiltLiveAudioRoomDemo */ = {
			isa = PBXNativeTarget;
			buildConfigurationList = 86FF00A1294702FC0005D36D /* Build configuration list for PBXNativeTarget "ZegoUIKitPrebuiltLiveAudioRoomDemo" */;
			buildPhases = (
				6927AFBE50EB18DD60D22928 /* [CP] Check Pods Manifest.lock */,
				86FF0089294702FA0005D36D /* Sources */,
				86FF008A294702FA0005D36D /* Frameworks */,
				86FF008B294702FA0005D36D /* Resources */,
				AD0B31162D819629530E26D7 /* [CP] Embed Pods Frameworks */,
			);
			buildRules = (
			);
			dependencies = (
			);
			name = ZegoUIKitPrebuiltLiveAudioRoomDemo;
			productName = ZegoUIKitPrebuiltLiveAudioRoomDemo;
			productReference = 86FF008D294702FA0005D36D /* ZegoUIKitPrebuiltLiveAudioRoomDemo.app */;
			productType = "com.apple.product-type.application";
		};
/* End PBXNativeTarget section */

/* Begin PBXProject section */
		86FF0085294702FA0005D36D /* Project object */ = {
			isa = PBXProject;
			attributes = {
				BuildIndependentTargetsInParallel = 1;
				LastSwiftUpdateCheck = 1310;
				LastUpgradeCheck = 1310;
				TargetAttributes = {
					86FF008C294702FA0005D36D = {
						CreatedOnToolsVersion = 13.1;
					};
				};
			};
			buildConfigurationList = 86FF0088294702FA0005D36D /* Build configuration list for PBXProject "ZegoUIKitPrebuiltLiveAudioRoomDemo" */;
			compatibilityVersion = "Xcode 13.0";
			developmentRegion = en;
			hasScannedForEncodings = 0;
			knownRegions = (
				en,
				Base,
			);
			mainGroup = 86FF0084294702FA0005D36D;
			productRefGroup = 86FF008E294702FA0005D36D /* Products */;
			projectDirPath = "";
			projectRoot = "";
			targets = (
				86FF008C294702FA0005D36D /* ZegoUIKitPrebuiltLiveAudioRoomDemo */,
			);
		};
/* End PBXProject section */

/* Begin PBXResourcesBuildPhase section */
		86FF008B294702FA0005D36D /* Resources */ = {
			isa = PBXResourcesBuildPhase;
			buildActionMask = 2147483647;
			files = (
				86FF009D294702FC0005D36D /* LaunchScreen.storyboard in Resources */,
				86FF009A294702FC0005D36D /* Assets.xcassets in Resources */,
				86FF0098294702FA0005D36D /* Main.storyboard in Resources */,
			);
			runOnlyForDeploymentPostprocessing = 0;
		};
/* End PBXResourcesBuildPhase section */

/* Begin PBXShellScriptBuildPhase section */
		6927AFBE50EB18DD60D22928 /* [CP] Check Pods Manifest.lock */ = {
			isa = PBXShellScriptBuildPhase;
			buildActionMask = 2147483647;
			files = (
			);
			inputFileListPaths = (
			);
			inputPaths = (
				"${PODS_PODFILE_DIR_PATH}/Podfile.lock",
				"${PODS_ROOT}/Manifest.lock",
			);
			name = "[CP] Check Pods Manifest.lock";
			outputFileListPaths = (
			);
			outputPaths = (
				"$(DERIVED_FILE_DIR)/Pods-ZegoUIKitPrebuiltLiveAudioRoomDemo-checkManifestLockResult.txt",
			);
			runOnlyForDeploymentPostprocessing = 0;
			shellPath = /bin/sh;
			shellScript = "diff \"${PODS_PODFILE_DIR_PATH}/Podfile.lock\" \"${PODS_ROOT}/Manifest.lock\" > /dev/null\nif [ $? != 0 ] ; then\n    # print error to STDERR\n    echo \"error: The sandbox is not in sync with the Podfile.lock. Run 'pod install' or update your CocoaPods installation.\" >&2\n    exit 1\nfi\n# This output is used by Xcode 'outputs' to avoid re-running this script phase.\necho \"SUCCESS\" > \"${SCRIPT_OUTPUT_FILE_0}\"\n";
			showEnvVarsInLog = 0;
		};
		AD0B31162D819629530E26D7 /* [CP] Embed Pods Frameworks */ = {
			isa = PBXShellScriptBuildPhase;
			buildActionMask = 2147483647;
			files = (
			);
			inputFileListPaths = (
				"${PODS_ROOT}/Target Support Files/Pods-ZegoUIKitPrebuiltLiveAudioRoomDemo/Pods-ZegoUIKitPrebuiltLiveAudioRoomDemo-frameworks-${CONFIGURATION}-input-files.xcfilelist",
			);
			name = "[CP] Embed Pods Frameworks";
			outputFileListPaths = (
				"${PODS_ROOT}/Target Support Files/Pods-ZegoUIKitPrebuiltLiveAudioRoomDemo/Pods-ZegoUIKitPrebuiltLiveAudioRoomDemo-frameworks-${CONFIGURATION}-output-files.xcfilelist",
			);
			runOnlyForDeploymentPostprocessing = 0;
			shellPath = /bin/sh;
			shellScript = "\"${PODS_ROOT}/Target Support Files/Pods-ZegoUIKitPrebuiltLiveAudioRoomDemo/Pods-ZegoUIKitPrebuiltLiveAudioRoomDemo-frameworks.sh\"\n";
			showEnvVarsInLog = 0;
		};
/* End PBXShellScriptBuildPhase section */

/* Begin PBXSourcesBuildPhase section */
		86FF0089294702FA0005D36D /* Sources */ = {
			isa = PBXSourcesBuildPhase;
			buildActionMask = 2147483647;
			files = (
				86FF0095294702FA0005D36D /* ViewController.swift in Sources */,
				86FF0091294702FA0005D36D /* AppDelegate.swift in Sources */,
				86FF0093294702FA0005D36D /* SceneDelegate.swift in Sources */,
			);
			runOnlyForDeploymentPostprocessing = 0;
		};
/* End PBXSourcesBuildPhase section */

/* Begin PBXVariantGroup section */
		86FF0096294702FA0005D36D /* Main.storyboard */ = {
			isa = PBXVariantGroup;
			children = (
				86FF0097294702FA0005D36D /* Base */,
			);
			name = Main.storyboard;
			sourceTree = "<group>";
		};
		86FF009B294702FC0005D36D /* LaunchScreen.storyboard */ = {
			isa = PBXVariantGroup;
			children = (
				86FF009C294702FC0005D36D /* Base */,
			);
			name = LaunchScreen.storyboard;
			sourceTree = "<group>";
		};
/* End PBXVariantGroup section */

/* Begin XCBuildConfiguration section */
		86FF009F294702FC0005D36D /* Debug */ = {
			isa = XCBuildConfiguration;
			buildSettings = {
				ALWAYS_SEARCH_USER_PATHS = NO;
				CLANG_ANALYZER_NONNULL = YES;
				CLANG_ANALYZER_NUMBER_OBJECT_CONVERSION = YES_AGGRESSIVE;
				CLANG_CXX_LANGUAGE_STANDARD = "gnu++17";
				CLANG_CXX_LIBRARY = "libc++";
				CLANG_ENABLE_MODULES = YES;
				CLANG_ENABLE_OBJC_ARC = YES;
				CLANG_ENABLE_OBJC_WEAK = YES;
				CLANG_WARN_BLOCK_CAPTURE_AUTORELEASING = YES;
				CLANG_WARN_BOOL_CONVERSION = YES;
				CLANG_WARN_COMMA = YES;
				CLANG_WARN_CONSTANT_CONVERSION = YES;
				CLANG_WARN_DEPRECATED_OBJC_IMPLEMENTATIONS = YES;
				CLANG_WARN_DIRECT_OBJC_ISA_USAGE = YES_ERROR;
				CLANG_WARN_DOCUMENTATION_COMMENTS = YES;
				CLANG_WARN_EMPTY_BODY = YES;
				CLANG_WARN_ENUM_CONVERSION = YES;
				CLANG_WARN_INFINITE_RECURSION = YES;
				CLANG_WARN_INT_CONVERSION = YES;
				CLANG_WARN_NON_LITERAL_NULL_CONVERSION = YES;
				CLANG_WARN_OBJC_IMPLICIT_RETAIN_SELF = YES;
				CLANG_WARN_OBJC_LITERAL_CONVERSION = YES;
				CLANG_WARN_OBJC_ROOT_CLASS = YES_ERROR;
				CLANG_WARN_QUOTED_INCLUDE_IN_FRAMEWORK_HEADER = YES;
				CLANG_WARN_RANGE_LOOP_ANALYSIS = YES;
				CLANG_WARN_STRICT_PROTOTYPES = YES;
				CLANG_WARN_SUSPICIOUS_MOVE = YES;
				CLANG_WARN_UNGUARDED_AVAILABILITY = YES_AGGRESSIVE;
				CLANG_WARN_UNREACHABLE_CODE = YES;
				CLANG_WARN__DUPLICATE_METHOD_MATCH = YES;
				COPY_PHASE_STRIP = NO;
				DEBUG_INFORMATION_FORMAT = dwarf;
				ENABLE_STRICT_OBJC_MSGSEND = YES;
				ENABLE_TESTABILITY = YES;
				GCC_C_LANGUAGE_STANDARD = gnu11;
				GCC_DYNAMIC_NO_PIC = NO;
				GCC_NO_COMMON_BLOCKS = YES;
				GCC_OPTIMIZATION_LEVEL = 0;
				GCC_PREPROCESSOR_DEFINITIONS = (
					"DEBUG=1",
					"$(inherited)",
				);
				GCC_WARN_64_TO_32_BIT_CONVERSION = YES;
				GCC_WARN_ABOUT_RETURN_TYPE = YES_ERROR;
				GCC_WARN_UNDECLARED_SELECTOR = YES;
				GCC_WARN_UNINITIALIZED_AUTOS = YES_AGGRESSIVE;
				GCC_WARN_UNUSED_FUNCTION = YES;
				GCC_WARN_UNUSED_VARIABLE = YES;
				IPHONEOS_DEPLOYMENT_TARGET = 15.0;
				MTL_ENABLE_DEBUG_INFO = INCLUDE_SOURCE;
				MTL_FAST_MATH = YES;
				ONLY_ACTIVE_ARCH = YES;
				SDKROOT = iphoneos;
				SWIFT_ACTIVE_COMPILATION_CONDITIONS = DEBUG;
				SWIFT_OPTIMIZATION_LEVEL = "-Onone";
			};
			name = Debug;
		};
		86FF00A0294702FC0005D36D /* Release */ = {
			isa = XCBuildConfiguration;
			buildSettings = {
				ALWAYS_SEARCH_USER_PATHS = NO;
				CLANG_ANALYZER_NONNULL = YES;
				CLANG_ANALYZER_NUMBER_OBJECT_CONVERSION = YES_AGGRESSIVE;
				CLANG_CXX_LANGUAGE_STANDARD = "gnu++17";
				CLANG_CXX_LIBRARY = "libc++";
				CLANG_ENABLE_MODULES = YES;
				CLANG_ENABLE_OBJC_ARC = YES;
				CLANG_ENABLE_OBJC_WEAK = YES;
				CLANG_WARN_BLOCK_CAPTURE_AUTORELEASING = YES;
				CLANG_WARN_BOOL_CONVERSION = YES;
				CLANG_WARN_COMMA = YES;
				CLANG_WARN_CONSTANT_CONVERSION = YES;
				CLANG_WARN_DEPRECATED_OBJC_IMPLEMENTATIONS = YES;
				CLANG_WARN_DIRECT_OBJC_ISA_USAGE = YES_ERROR;
				CLANG_WARN_DOCUMENTATION_COMMENTS = YES;
				CLANG_WARN_EMPTY_BODY = YES;
				CLANG_WARN_ENUM_CONVERSION = YES;
				CLANG_WARN_INFINITE_RECURSION = YES;
				CLANG_WARN_INT_CONVERSION = YES;
				CLANG_WARN_NON_LITERAL_NULL_CONVERSION = YES;
				CLANG_WARN_OBJC_IMPLICIT_RETAIN_SELF = YES;
				CLANG_WARN_OBJC_LITERAL_CONVERSION = YES;
				CLANG_WARN_OBJC_ROOT_CLASS = YES_ERROR;
				CLANG_WARN_QUOTED_INCLUDE_IN_FRAMEWORK_HEADER = YES;
				CLANG_WARN_RANGE_LOOP_ANALYSIS = YES;
				CLANG_WARN_STRICT_PROTOTYPES = YES;
				CLANG_WARN_SUSPICIOUS_MOVE = YES;
				CLANG_WARN_UNGUARDED_AVAILABILITY = YES_AGGRESSIVE;
				CLANG_WARN_UNREACHABLE_CODE = YES;
				CLANG_WARN__DUPLICATE_METHOD_MATCH = YES;
				COPY_PHASE_STRIP = NO;
				DEBUG_INFORMATION_FORMAT = "dwarf-with-dsym";
				ENABLE_NS_ASSERTIONS = NO;
				ENABLE_STRICT_OBJC_MSGSEND = YES;
				GCC_C_LANGUAGE_STANDARD = gnu11;
				GCC_NO_COMMON_BLOCKS = YES;
				GCC_WARN_64_TO_32_BIT_CONVERSION = YES;
				GCC_WARN_ABOUT_RETURN_TYPE = YES_ERROR;
				GCC_WARN_UNDECLARED_SELECTOR = YES;
				GCC_WARN_UNINITIALIZED_AUTOS = YES_AGGRESSIVE;
				GCC_WARN_UNUSED_FUNCTION = YES;
				GCC_WARN_UNUSED_VARIABLE = YES;
				IPHONEOS_DEPLOYMENT_TARGET = 15.0;
				MTL_ENABLE_DEBUG_INFO = NO;
				MTL_FAST_MATH = YES;
				SDKROOT = iphoneos;
				SWIFT_COMPILATION_MODE = wholemodule;
				SWIFT_OPTIMIZATION_LEVEL = "-O";
				VALIDATE_PRODUCT = YES;
			};
			name = Release;
		};
		86FF00A2294702FC0005D36D /* Debug */ = {
			isa = XCBuildConfiguration;
			baseConfigurationReference = 420A70C419315426C208D03C /* Pods-ZegoUIKitPrebuiltLiveAudioRoomDemo.debug.xcconfig */;
			buildSettings = {
				ASSETCATALOG_COMPILER_APPICON_NAME = AppIcon;
				ASSETCATALOG_COMPILER_GLOBAL_ACCENT_COLOR_NAME = AccentColor;
				CODE_SIGN_STYLE = Automatic;
				CURRENT_PROJECT_VERSION = 1;
				DEVELOPMENT_TEAM = B82BHJ5H89;
				GENERATE_INFOPLIST_FILE = YES;
				INFOPLIST_FILE = ZegoUIKitPrebuiltLiveAudioRoomDemo/Info.plist;
				INFOPLIST_KEY_UIApplicationSupportsIndirectInputEvents = YES;
				INFOPLIST_KEY_UILaunchStoryboardName = LaunchScreen;
				INFOPLIST_KEY_UIMainStoryboardFile = Main;
				INFOPLIST_KEY_UISupportedInterfaceOrientations_iPad = "UIInterfaceOrientationPortrait UIInterfaceOrientationPortraitUpsideDown UIInterfaceOrientationLandscapeLeft UIInterfaceOrientationLandscapeRight";
				INFOPLIST_KEY_UISupportedInterfaceOrientations_iPhone = "UIInterfaceOrientationPortrait UIInterfaceOrientationLandscapeLeft UIInterfaceOrientationLandscapeRight";
				LD_RUNPATH_SEARCH_PATHS = (
					"$(inherited)",
					"@executable_path/Frameworks",
				);
				MARKETING_VERSION = 1.0;
				PRODUCT_BUNDLE_IDENTIFIER = com.zegocloud.uikit.liveaudioroom.ZegoUIKitPrebuiltLiveAudioRoomDemo;
				PRODUCT_NAME = "$(TARGET_NAME)";
				SWIFT_EMIT_LOC_STRINGS = YES;
				SWIFT_VERSION = 5.0;
				TARGETED_DEVICE_FAMILY = "1,2";
			};
			name = Debug;
		};
		86FF00A3294702FC0005D36D /* Release */ = {
			isa = XCBuildConfiguration;
			baseConfigurationReference = 0A3A3C860DA08CD34A88E65F /* Pods-ZegoUIKitPrebuiltLiveAudioRoomDemo.release.xcconfig */;
			buildSettings = {
				ASSETCATALOG_COMPILER_APPICON_NAME = AppIcon;
				ASSETCATALOG_COMPILER_GLOBAL_ACCENT_COLOR_NAME = AccentColor;
				CODE_SIGN_STYLE = Automatic;
				CURRENT_PROJECT_VERSION = 1;
				DEVELOPMENT_TEAM = B82BHJ5H89;
				GENERATE_INFOPLIST_FILE = YES;
				INFOPLIST_FILE = ZegoUIKitPrebuiltLiveAudioRoomDemo/Info.plist;
				INFOPLIST_KEY_UIApplicationSupportsIndirectInputEvents = YES;
				INFOPLIST_KEY_UILaunchStoryboardName = LaunchScreen;
				INFOPLIST_KEY_UIMainStoryboardFile = Main;
				INFOPLIST_KEY_UISupportedInterfaceOrientations_iPad = "UIInterfaceOrientationPortrait UIInterfaceOrientationPortraitUpsideDown UIInterfaceOrientationLandscapeLeft UIInterfaceOrientationLandscapeRight";
				INFOPLIST_KEY_UISupportedInterfaceOrientations_iPhone = "UIInterfaceOrientationPortrait UIInterfaceOrientationLandscapeLeft UIInterfaceOrientationLandscapeRight";
				LD_RUNPATH_SEARCH_PATHS = (
					"$(inherited)",
					"@executable_path/Frameworks",
				);
				MARKETING_VERSION = 1.0;
				PRODUCT_BUNDLE_IDENTIFIER = com.zegocloud.uikit.liveaudioroom.ZegoUIKitPrebuiltLiveAudioRoomDemo;
				PRODUCT_NAME = "$(TARGET_NAME)";
				SWIFT_EMIT_LOC_STRINGS = YES;
				SWIFT_VERSION = 5.0;
				TARGETED_DEVICE_FAMILY = "1,2";
			};
			name = Release;
		};
/* End XCBuildConfiguration section */

/* Begin XCConfigurationList section */
		86FF0088294702FA0005D36D /* Build configuration list for PBXProject "ZegoUIKitPrebuiltLiveAudioRoomDemo" */ = {
			isa = XCConfigurationList;
			buildConfigurations = (
				86FF009F294702FC0005D36D /* Debug */,
				86FF00A0294702FC0005D36D /* Release */,
			);
			defaultConfigurationIsVisible = 0;
			defaultConfigurationName = Release;
		};
		86FF00A1294702FC0005D36D /* Build configuration list for PBXNativeTarget "ZegoUIKitPrebuiltLiveAudioRoomDemo" */ = {
			isa = XCConfigurationList;
			buildConfigurations = (
				86FF00A2294702FC0005D36D /* Debug */,
				86FF00A3294702FC0005D36D /* Release */,
			);
			defaultConfigurationIsVisible = 0;
			defaultConfigurationName = Release;
		};
/* End XCConfigurationList section */
	};
	rootObject = 86FF0085294702FA0005D36D /* Project object */;
}
